// !$*UTF8*$!
{
	archiveVersion = 1;
	classes = {
	};
	objectVersion = 50;
	objects = {

/* Begin PBXBuildFile section */
		01E8F7D02261575D001BF392 /* Assets.xcassets in Resources */ = {isa = PBXBuildFile; fileRef = 01E8F7CF2261575D001BF392 /* Assets.xcassets */; };
		5CEDD49C71BED46AD51AF25E /* Pods_StudyMates.framework in Frameworks */ = {isa = PBXBuildFile; fileRef = 9F1F64C18F2A7E971A98E4E3 /* Pods_StudyMates.framework */; };
		CF3995FA224EDB7400BD537F /* AppDelegate.swift in Sources */ = {isa = PBXBuildFile; fileRef = CF3995F9224EDB7400BD537F /* AppDelegate.swift */; };
		CF399604224EDB7800BD537F /* LaunchScreen.storyboard in Resources */ = {isa = PBXBuildFile; fileRef = CF399602224EDB7800BD537F /* LaunchScreen.storyboard */; };
		CF6360D022581D410063D597 /* Home.storyboard in Resources */ = {isa = PBXBuildFile; fileRef = CF6360CF22581D410063D597 /* Home.storyboard */; };
		CF6360D222581DC10063D597 /* SignUp.storyboard in Resources */ = {isa = PBXBuildFile; fileRef = CF6360D122581DC10063D597 /* SignUp.storyboard */; };
		CF6360D422581E310063D597 /* Main.storyboard in Resources */ = {isa = PBXBuildFile; fileRef = CF6360D322581E310063D597 /* Main.storyboard */; };
		CF6360D622581E9E0063D597 /* GroupChat.storyboard in Resources */ = {isa = PBXBuildFile; fileRef = CF6360D522581E9E0063D597 /* GroupChat.storyboard */; };
		CF6360D822581ECA0063D597 /* Search.storyboard in Resources */ = {isa = PBXBuildFile; fileRef = CF6360D722581ECA0063D597 /* Search.storyboard */; };
		CF6360DA22581ED40063D597 /* Result.storyboard in Resources */ = {isa = PBXBuildFile; fileRef = CF6360D922581ED40063D597 /* Result.storyboard */; };
		CF6360DC22581EE40063D597 /* GroupInfo.storyboard in Resources */ = {isa = PBXBuildFile; fileRef = CF6360DB22581EE40063D597 /* GroupInfo.storyboard */; };
		CF6360DE22581EF40063D597 /* Notification.storyboard in Resources */ = {isa = PBXBuildFile; fileRef = CF6360DD22581EF40063D597 /* Notification.storyboard */; };
		CF6360E022581F830063D597 /* CreationGroup.storyboard in Resources */ = {isa = PBXBuildFile; fileRef = CF6360DF22581F830063D597 /* CreationGroup.storyboard */; };
		CFAD9D032261213700471391 /* GoogleService-Info.plist in Resources */ = {isa = PBXBuildFile; fileRef = CFAD9D022261213700471391 /* GoogleService-Info.plist */; };
		CFF527422257DE04003E08C6 /* LoginViewController.swift in Sources */ = {isa = PBXBuildFile; fileRef = CFF527412257DE04003E08C6 /* LoginViewController.swift */; };
		CFF527442257DE26003E08C6 /* SignUpViewController.swift in Sources */ = {isa = PBXBuildFile; fileRef = CFF527432257DE26003E08C6 /* SignUpViewController.swift */; };
		CFF527462258049A003E08C6 /* HomeViewController.swift in Sources */ = {isa = PBXBuildFile; fileRef = CFF527452258049A003E08C6 /* HomeViewController.swift */; };
/* End PBXBuildFile section */

/* Begin PBXFileReference section */
		01E8F7CF2261575D001BF392 /* Assets.xcassets */ = {isa = PBXFileReference; lastKnownFileType = folder.assetcatalog; path = Assets.xcassets; sourceTree = "<group>"; };
		3C72058773AE56D82C74EF2D /* Pods-StudyMates.release.xcconfig */ = {isa = PBXFileReference; includeInIndex = 1; lastKnownFileType = text.xcconfig; name = "Pods-StudyMates.release.xcconfig"; path = "Target Support Files/Pods-StudyMates/Pods-StudyMates.release.xcconfig"; sourceTree = "<group>"; };
		6B20042E9E653E78A0E1D9EA /* Pods-StudyMates.debug.xcconfig */ = {isa = PBXFileReference; includeInIndex = 1; lastKnownFileType = text.xcconfig; name = "Pods-StudyMates.debug.xcconfig"; path = "Target Support Files/Pods-StudyMates/Pods-StudyMates.debug.xcconfig"; sourceTree = "<group>"; };
		9F1F64C18F2A7E971A98E4E3 /* Pods_StudyMates.framework */ = {isa = PBXFileReference; explicitFileType = wrapper.framework; includeInIndex = 0; path = Pods_StudyMates.framework; sourceTree = BUILT_PRODUCTS_DIR; };
		CF3995F6224EDB7400BD537F /* StudyMates.app */ = {isa = PBXFileReference; explicitFileType = wrapper.application; includeInIndex = 0; path = StudyMates.app; sourceTree = BUILT_PRODUCTS_DIR; };
		CF3995F9224EDB7400BD537F /* AppDelegate.swift */ = {isa = PBXFileReference; lastKnownFileType = sourcecode.swift; path = AppDelegate.swift; sourceTree = "<group>"; };
		CF399603224EDB7800BD537F /* Base */ = {isa = PBXFileReference; lastKnownFileType = file.storyboard; name = Base; path = Base.lproj/LaunchScreen.storyboard; sourceTree = "<group>"; };
		CF399605224EDB7800BD537F /* Info.plist */ = {isa = PBXFileReference; lastKnownFileType = text.plist.xml; path = Info.plist; sourceTree = "<group>"; };
		CF6360CF22581D410063D597 /* Home.storyboard */ = {isa = PBXFileReference; lastKnownFileType = file.storyboard; path = Home.storyboard; sourceTree = "<group>"; };
		CF6360D122581DC10063D597 /* SignUp.storyboard */ = {isa = PBXFileReference; lastKnownFileType = file.storyboard; path = SignUp.storyboard; sourceTree = "<group>"; };
		CF6360D322581E310063D597 /* Main.storyboard */ = {isa = PBXFileReference; lastKnownFileType = file.storyboard; path = Main.storyboard; sourceTree = "<group>"; };
		CF6360D522581E9E0063D597 /* GroupChat.storyboard */ = {isa = PBXFileReference; lastKnownFileType = file.storyboard; path = GroupChat.storyboard; sourceTree = "<group>"; };
		CF6360D722581ECA0063D597 /* Search.storyboard */ = {isa = PBXFileReference; lastKnownFileType = file.storyboard; path = Search.storyboard; sourceTree = "<group>"; };
		CF6360D922581ED40063D597 /* Result.storyboard */ = {isa = PBXFileReference; lastKnownFileType = file.storyboard; path = Result.storyboard; sourceTree = "<group>"; };
		CF6360DB22581EE40063D597 /* GroupInfo.storyboard */ = {isa = PBXFileReference; lastKnownFileType = file.storyboard; path = GroupInfo.storyboard; sourceTree = "<group>"; };
		CF6360DD22581EF40063D597 /* Notification.storyboard */ = {isa = PBXFileReference; lastKnownFileType = file.storyboard; path = Notification.storyboard; sourceTree = "<group>"; };
		CF6360DF22581F830063D597 /* CreationGroup.storyboard */ = {isa = PBXFileReference; lastKnownFileType = file.storyboard; path = CreationGroup.storyboard; sourceTree = "<group>"; };
		CFAD9D022261213700471391 /* GoogleService-Info.plist */ = {isa = PBXFileReference; fileEncoding = 4; lastKnownFileType = text.plist.xml; path = "GoogleService-Info.plist"; sourceTree = "<group>"; };
		CFF527412257DE04003E08C6 /* LoginViewController.swift */ = {isa = PBXFileReference; lastKnownFileType = sourcecode.swift; path = LoginViewController.swift; sourceTree = "<group>"; };
		CFF527432257DE26003E08C6 /* SignUpViewController.swift */ = {isa = PBXFileReference; lastKnownFileType = sourcecode.swift; path = SignUpViewController.swift; sourceTree = "<group>"; };
		CFF527452258049A003E08C6 /* HomeViewController.swift */ = {isa = PBXFileReference; lastKnownFileType = sourcecode.swift; path = HomeViewController.swift; sourceTree = "<group>"; };
/* End PBXFileReference section */

/* Begin PBXFrameworksBuildPhase section */
		CF3995F3224EDB7400BD537F /* Frameworks */ = {
			isa = PBXFrameworksBuildPhase;
			buildActionMask = 2147483647;
			files = (
				5CEDD49C71BED46AD51AF25E /* Pods_StudyMates.framework in Frameworks */,
			);
			runOnlyForDeploymentPostprocessing = 0;
		};
/* End PBXFrameworksBuildPhase section */

/* Begin PBXGroup section */
		42EC7B6D6F2238EFEEE9CA94 /* Frameworks */ = {
			isa = PBXGroup;
			children = (
				9F1F64C18F2A7E971A98E4E3 /* Pods_StudyMates.framework */,
			);
			name = Frameworks;
			sourceTree = "<group>";
		};
		58B79AB695B26AAADFBDF70B /* Pods */ = {
			isa = PBXGroup;
			children = (
				6B20042E9E653E78A0E1D9EA /* Pods-StudyMates.debug.xcconfig */,
				3C72058773AE56D82C74EF2D /* Pods-StudyMates.release.xcconfig */,
			);
			path = Pods;
			sourceTree = "<group>";
		};
		CF3995ED224EDB7400BD537F = {
			isa = PBXGroup;
			children = (
				CF3995F8224EDB7400BD537F /* StudyMates */,
				CF3995F7224EDB7400BD537F /* Products */,
				58B79AB695B26AAADFBDF70B /* Pods */,
				42EC7B6D6F2238EFEEE9CA94 /* Frameworks */,
			);
			sourceTree = "<group>";
		};
		CF3995F7224EDB7400BD537F /* Products */ = {
			isa = PBXGroup;
			children = (
				CF3995F6224EDB7400BD537F /* StudyMates.app */,
			);
			name = Products;
			sourceTree = "<group>";
		};
		CF3995F8224EDB7400BD537F /* StudyMates */ = {
			isa = PBXGroup;
			children = (
				CFCB348A22583E6D00579A9F /* Storyboards */,
				CF3995F9224EDB7400BD537F /* AppDelegate.swift */,
				CFF527452258049A003E08C6 /* HomeViewController.swift */,
				CFF527412257DE04003E08C6 /* LoginViewController.swift */,
				CFF527432257DE26003E08C6 /* SignUpViewController.swift */,
				CF399602224EDB7800BD537F /* LaunchScreen.storyboard */,
				01E8F7CF2261575D001BF392 /* Assets.xcassets */,
				CFAD9D022261213700471391 /* GoogleService-Info.plist */,
				CF399605224EDB7800BD537F /* Info.plist */,
			);
			path = StudyMates;
			sourceTree = "<group>";
		};
		CFCB348A22583E6D00579A9F /* Storyboards */ = {
			isa = PBXGroup;
			children = (
				CF6360D922581ED40063D597 /* Result.storyboard */,
				CF6360D722581ECA0063D597 /* Search.storyboard */,
				CF6360D322581E310063D597 /* Main.storyboard */,
				CF6360CF22581D410063D597 /* Home.storyboard */,
				CF6360DB22581EE40063D597 /* GroupInfo.storyboard */,
				CF6360DD22581EF40063D597 /* Notification.storyboard */,
				CF6360D522581E9E0063D597 /* GroupChat.storyboard */,
				CF6360D122581DC10063D597 /* SignUp.storyboard */,
				CF6360DF22581F830063D597 /* CreationGroup.storyboard */,
			);
			path = Storyboards;
			sourceTree = "<group>";
		};
/* End PBXGroup section */

/* Begin PBXNativeTarget section */
		CF3995F5224EDB7400BD537F /* StudyMates */ = {
			isa = PBXNativeTarget;
			buildConfigurationList = CF399608224EDB7800BD537F /* Build configuration list for PBXNativeTarget "StudyMates" */;
			buildPhases = (
				AF03A06A6D0C21A136136EDE /* [CP] Check Pods Manifest.lock */,
				CF3995F2224EDB7400BD537F /* Sources */,
				CF3995F3224EDB7400BD537F /* Frameworks */,
				CF3995F4224EDB7400BD537F /* Resources */,
				FC3B0F226FFAB9E0D512C00A /* [CP] Embed Pods Frameworks */,
			);
			buildRules = (
			);
			dependencies = (
			);
			name = StudyMates;
			productName = StudyMates;
			productReference = CF3995F6224EDB7400BD537F /* StudyMates.app */;
			productType = "com.apple.product-type.application";
		};
/* End PBXNativeTarget section */

/* Begin PBXProject section */
		CF3995EE224EDB7400BD537F /* Project object */ = {
			isa = PBXProject;
			attributes = {
				LastSwiftUpdateCheck = 1010;
				LastUpgradeCheck = 1010;
				ORGANIZATIONNAME = "Kenneth Li";
				TargetAttributes = {
					CF3995F5224EDB7400BD537F = {
						CreatedOnToolsVersion = 10.1;
					};
				};
			};
			buildConfigurationList = CF3995F1224EDB7400BD537F /* Build configuration list for PBXProject "StudyMates" */;
			compatibilityVersion = "Xcode 9.3";
			developmentRegion = en;
			hasScannedForEncodings = 0;
			knownRegions = (
				en,
				Base,
			);
			mainGroup = CF3995ED224EDB7400BD537F;
			productRefGroup = CF3995F7224EDB7400BD537F /* Products */;
			projectDirPath = "";
			projectRoot = "";
			targets = (
				CF3995F5224EDB7400BD537F /* StudyMates */,
			);
		};
/* End PBXProject section */

/* Begin PBXResourcesBuildPhase section */
		CF3995F4224EDB7400BD537F /* Resources */ = {
			isa = PBXResourcesBuildPhase;
			buildActionMask = 2147483647;
			files = (
				CF399604224EDB7800BD537F /* LaunchScreen.storyboard in Resources */,
				CF6360D422581E310063D597 /* Main.storyboard in Resources */,
				CF6360E022581F830063D597 /* CreationGroup.storyboard in Resources */,
				CF6360D022581D410063D597 /* Home.storyboard in Resources */,
				CFAD9D032261213700471391 /* GoogleService-Info.plist in Resources */,
				CF6360D822581ECA0063D597 /* Search.storyboard in Resources */,
				CF6360D622581E9E0063D597 /* GroupChat.storyboard in Resources */,
				CF6360D222581DC10063D597 /* SignUp.storyboard in Resources */,
				CF6360DA22581ED40063D597 /* Result.storyboard in Resources */,
				CF6360DC22581EE40063D597 /* GroupInfo.storyboard in Resources */,
				01E8F7D02261575D001BF392 /* Assets.xcassets in Resources */,
				CF6360DE22581EF40063D597 /* Notification.storyboard in Resources */,
			);
			runOnlyForDeploymentPostprocessing = 0;
		};
/* End PBXResourcesBuildPhase section */

/* Begin PBXShellScriptBuildPhase section */
		AF03A06A6D0C21A136136EDE /* [CP] Check Pods Manifest.lock */ = {
			isa = PBXShellScriptBuildPhase;
			buildActionMask = 2147483647;
			files = (
			);
			inputFileListPaths = (
			);
			inputPaths = (
				"${PODS_PODFILE_DIR_PATH}/Podfile.lock",
				"${PODS_ROOT}/Manifest.lock",
			);
			name = "[CP] Check Pods Manifest.lock";
			outputFileListPaths = (
			);
			outputPaths = (
				"$(DERIVED_FILE_DIR)/Pods-StudyMates-checkManifestLockResult.txt",
			);
			runOnlyForDeploymentPostprocessing = 0;
			shellPath = /bin/sh;
			shellScript = "diff \"${PODS_PODFILE_DIR_PATH}/Podfile.lock\" \"${PODS_ROOT}/Manifest.lock\" > /dev/null\nif [ $? != 0 ] ; then\n    # print error to STDERR\n    echo \"error: The sandbox is not in sync with the Podfile.lock. Run 'pod install' or update your CocoaPods installation.\" >&2\n    exit 1\nfi\n# This output is used by Xcode 'outputs' to avoid re-running this script phase.\necho \"SUCCESS\" > \"${SCRIPT_OUTPUT_FILE_0}\"\n";
			showEnvVarsInLog = 0;
		};
		FC3B0F226FFAB9E0D512C00A /* [CP] Embed Pods Frameworks */ = {
			isa = PBXShellScriptBuildPhase;
			buildActionMask = 2147483647;
			files = (
			);
			inputFileListPaths = (
			);
			inputPaths = (
				"${PODS_ROOT}/Target Support Files/Pods-StudyMates/Pods-StudyMates-frameworks.sh",
				"${BUILT_PRODUCTS_DIR}/BoringSSL-GRPC/openssl_grpc.framework",
				"${BUILT_PRODUCTS_DIR}/GTMSessionFetcher/GTMSessionFetcher.framework",
				"${BUILT_PRODUCTS_DIR}/GoogleUtilities/GoogleUtilities.framework",
				"${BUILT_PRODUCTS_DIR}/Protobuf/Protobuf.framework",
				"${BUILT_PRODUCTS_DIR}/gRPC-C++/grpcpp.framework",
				"${BUILT_PRODUCTS_DIR}/gRPC-Core/grpc.framework",
				"${BUILT_PRODUCTS_DIR}/leveldb-library/leveldb.framework",
				"${BUILT_PRODUCTS_DIR}/nanopb/nanopb.framework",
			);
			name = "[CP] Embed Pods Frameworks";
			outputFileListPaths = (
			);
			outputPaths = (
				"${TARGET_BUILD_DIR}/${FRAMEWORKS_FOLDER_PATH}/openssl_grpc.framework",
				"${TARGET_BUILD_DIR}/${FRAMEWORKS_FOLDER_PATH}/GTMSessionFetcher.framework",
				"${TARGET_BUILD_DIR}/${FRAMEWORKS_FOLDER_PATH}/GoogleUtilities.framework",
				"${TARGET_BUILD_DIR}/${FRAMEWORKS_FOLDER_PATH}/Protobuf.framework",
				"${TARGET_BUILD_DIR}/${FRAMEWORKS_FOLDER_PATH}/grpcpp.framework",
				"${TARGET_BUILD_DIR}/${FRAMEWORKS_FOLDER_PATH}/grpc.framework",
				"${TARGET_BUILD_DIR}/${FRAMEWORKS_FOLDER_PATH}/leveldb.framework",
				"${TARGET_BUILD_DIR}/${FRAMEWORKS_FOLDER_PATH}/nanopb.framework",
			);
			runOnlyForDeploymentPostprocessing = 0;
			shellPath = /bin/sh;
			shellScript = "\"${PODS_ROOT}/Target Support Files/Pods-StudyMates/Pods-StudyMates-frameworks.sh\"\n";
			showEnvVarsInLog = 0;
		};
/* End PBXShellScriptBuildPhase section */

/* Begin PBXSourcesBuildPhase section */
		CF3995F2224EDB7400BD537F /* Sources */ = {
			isa = PBXSourcesBuildPhase;
			buildActionMask = 2147483647;
			files = (
				CFF527442257DE26003E08C6 /* SignUpViewController.swift in Sources */,
				CFF527422257DE04003E08C6 /* LoginViewController.swift in Sources */,
				CF3995FA224EDB7400BD537F /* AppDelegate.swift in Sources */,
				CFF527462258049A003E08C6 /* HomeViewController.swift in Sources */,
			);
			runOnlyForDeploymentPostprocessing = 0;
		};
/* End PBXSourcesBuildPhase section */

/* Begin PBXVariantGroup section */
		CF399602224EDB7800BD537F /* LaunchScreen.storyboard */ = {
			isa = PBXVariantGroup;
			children = (
				CF399603224EDB7800BD537F /* Base */,
			);
			name = LaunchScreen.storyboard;
			sourceTree = "<group>";
		};
/* End PBXVariantGroup section */

/* Begin XCBuildConfiguration section */
		CF399606224EDB7800BD537F /* Debug */ = {
			isa = XCBuildConfiguration;
			buildSettings = {
				ALWAYS_SEARCH_USER_PATHS = NO;
				CLANG_ANALYZER_NONNULL = YES;
				CLANG_ANALYZER_NUMBER_OBJECT_CONVERSION = YES_AGGRESSIVE;
				CLANG_CXX_LANGUAGE_STANDARD = "gnu++14";
				CLANG_CXX_LIBRARY = "libc++";
				CLANG_ENABLE_MODULES = YES;
				CLANG_ENABLE_OBJC_ARC = YES;
				CLANG_ENABLE_OBJC_WEAK = YES;
				CLANG_WARN_BLOCK_CAPTURE_AUTORELEASING = YES;
				CLANG_WARN_BOOL_CONVERSION = YES;
				CLANG_WARN_COMMA = YES;
				CLANG_WARN_CONSTANT_CONVERSION = YES;
				CLANG_WARN_DEPRECATED_OBJC_IMPLEMENTATIONS = YES;
				CLANG_WARN_DIRECT_OBJC_ISA_USAGE = YES_ERROR;
				CLANG_WARN_DOCUMENTATION_COMMENTS = YES;
				CLANG_WARN_EMPTY_BODY = YES;
				CLANG_WARN_ENUM_CONVERSION = YES;
				CLANG_WARN_INFINITE_RECURSION = YES;
				CLANG_WARN_INT_CONVERSION = YES;
				CLANG_WARN_NON_LITERAL_NULL_CONVERSION = YES;
				CLANG_WARN_OBJC_IMPLICIT_RETAIN_SELF = YES;
				CLANG_WARN_OBJC_LITERAL_CONVERSION = YES;
				CLANG_WARN_OBJC_ROOT_CLASS = YES_ERROR;
				CLANG_WARN_RANGE_LOOP_ANALYSIS = YES;
				CLANG_WARN_STRICT_PROTOTYPES = YES;
				CLANG_WARN_SUSPICIOUS_MOVE = YES;
				CLANG_WARN_UNGUARDED_AVAILABILITY = YES_AGGRESSIVE;
				CLANG_WARN_UNREACHABLE_CODE = YES;
				CLANG_WARN__DUPLICATE_METHOD_MATCH = YES;
				CODE_SIGN_IDENTITY = "iPhone Developer";
				COPY_PHASE_STRIP = NO;
				DEBUG_INFORMATION_FORMAT = dwarf;
				ENABLE_STRICT_OBJC_MSGSEND = YES;
				ENABLE_TESTABILITY = YES;
				GCC_C_LANGUAGE_STANDARD = gnu11;
				GCC_DYNAMIC_NO_PIC = NO;
				GCC_NO_COMMON_BLOCKS = YES;
				GCC_OPTIMIZATION_LEVEL = 0;
				GCC_PREPROCESSOR_DEFINITIONS = (
					"DEBUG=1",
					"$(inherited)",
				);
				GCC_WARN_64_TO_32_BIT_CONVERSION = YES;
				GCC_WARN_ABOUT_RETURN_TYPE = YES_ERROR;
				GCC_WARN_UNDECLARED_SELECTOR = YES;
				GCC_WARN_UNINITIALIZED_AUTOS = YES_AGGRESSIVE;
				GCC_WARN_UNUSED_FUNCTION = YES;
				GCC_WARN_UNUSED_VARIABLE = YES;
				IPHONEOS_DEPLOYMENT_TARGET = 12.1;
				MTL_ENABLE_DEBUG_INFO = INCLUDE_SOURCE;
				MTL_FAST_MATH = YES;
				ONLY_ACTIVE_ARCH = YES;
				SDKROOT = iphoneos;
				SWIFT_ACTIVE_COMPILATION_CONDITIONS = DEBUG;
				SWIFT_OPTIMIZATION_LEVEL = "-Onone";
			};
			name = Debug;
		};
		CF399607224EDB7800BD537F /* Release */ = {
			isa = XCBuildConfiguration;
			buildSettings = {
				ALWAYS_SEARCH_USER_PATHS = NO;
				CLANG_ANALYZER_NONNULL = YES;
				CLANG_ANALYZER_NUMBER_OBJECT_CONVERSION = YES_AGGRESSIVE;
				CLANG_CXX_LANGUAGE_STANDARD = "gnu++14";
				CLANG_CXX_LIBRARY = "libc++";
				CLANG_ENABLE_MODULES = YES;
				CLANG_ENABLE_OBJC_ARC = YES;
				CLANG_ENABLE_OBJC_WEAK = YES;
				CLANG_WARN_BLOCK_CAPTURE_AUTORELEASING = YES;
				CLANG_WARN_BOOL_CONVERSION = YES;
				CLANG_WARN_COMMA = YES;
				CLANG_WARN_CONSTANT_CONVERSION = YES;
				CLANG_WARN_DEPRECATED_OBJC_IMPLEMENTATIONS = YES;
				CLANG_WARN_DIRECT_OBJC_ISA_USAGE = YES_ERROR;
				CLANG_WARN_DOCUMENTATION_COMMENTS = YES;
				CLANG_WARN_EMPTY_BODY = YES;
				CLANG_WARN_ENUM_CONVERSION = YES;
				CLANG_WARN_INFINITE_RECURSION = YES;
				CLANG_WARN_INT_CONVERSION = YES;
				CLANG_WARN_NON_LITERAL_NULL_CONVERSION = YES;
				CLANG_WARN_OBJC_IMPLICIT_RETAIN_SELF = YES;
				CLANG_WARN_OBJC_LITERAL_CONVERSION = YES;
				CLANG_WARN_OBJC_ROOT_CLASS = YES_ERROR;
				CLANG_WARN_RANGE_LOOP_ANALYSIS = YES;
				CLANG_WARN_STRICT_PROTOTYPES = YES;
				CLANG_WARN_SUSPICIOUS_MOVE = YES;
				CLANG_WARN_UNGUARDED_AVAILABILITY = YES_AGGRESSIVE;
				CLANG_WARN_UNREACHABLE_CODE = YES;
				CLANG_WARN__DUPLICATE_METHOD_MATCH = YES;
				CODE_SIGN_IDENTITY = "iPhone Developer";
				COPY_PHASE_STRIP = NO;
				DEBUG_INFORMATION_FORMAT = "dwarf-with-dsym";
				ENABLE_NS_ASSERTIONS = NO;
				ENABLE_STRICT_OBJC_MSGSEND = YES;
				GCC_C_LANGUAGE_STANDARD = gnu11;
				GCC_NO_COMMON_BLOCKS = YES;
				GCC_WARN_64_TO_32_BIT_CONVERSION = YES;
				GCC_WARN_ABOUT_RETURN_TYPE = YES_ERROR;
				GCC_WARN_UNDECLARED_SELECTOR = YES;
				GCC_WARN_UNINITIALIZED_AUTOS = YES_AGGRESSIVE;
				GCC_WARN_UNUSED_FUNCTION = YES;
				GCC_WARN_UNUSED_VARIABLE = YES;
				IPHONEOS_DEPLOYMENT_TARGET = 12.1;
				MTL_ENABLE_DEBUG_INFO = NO;
				MTL_FAST_MATH = YES;
				SDKROOT = iphoneos;
				SWIFT_COMPILATION_MODE = wholemodule;
				SWIFT_OPTIMIZATION_LEVEL = "-O";
				VALIDATE_PRODUCT = YES;
			};
			name = Release;
		};
		CF399609224EDB7800BD537F /* Debug */ = {
			isa = XCBuildConfiguration;
			baseConfigurationReference = 6B20042E9E653E78A0E1D9EA /* Pods-StudyMates.debug.xcconfig */;
			buildSettings = {
				ASSETCATALOG_COMPILER_APPICON_NAME = AppIcon;
				CODE_SIGN_STYLE = Automatic;
				DEVELOPMENT_TEAM = KWLJYU2ZY8;
				INFOPLIST_FILE = StudyMates/Info.plist;
				LD_RUNPATH_SEARCH_PATHS = (
					"$(inherited)",
					"@executable_path/Frameworks",
				);
				PRODUCT_BUNDLE_IDENTIFIER = com.codepath.StudyMates;
				PRODUCT_NAME = "$(TARGET_NAME)";
				SWIFT_VERSION = 4.2;
				TARGETED_DEVICE_FAMILY = "1,2";
			};
			name = Debug;
		};
		CF39960A224EDB7800BD537F /* Release */ = {
			isa = XCBuildConfiguration;
			baseConfigurationReference = 3C72058773AE56D82C74EF2D /* Pods-StudyMates.release.xcconfig */;
			buildSettings = {
				ASSETCATALOG_COMPILER_APPICON_NAME = AppIcon;
				CODE_SIGN_STYLE = Automatic;
				DEVELOPMENT_TEAM = KWLJYU2ZY8;
				INFOPLIST_FILE = StudyMates/Info.plist;
				LD_RUNPATH_SEARCH_PATHS = (
					"$(inherited)",
					"@executable_path/Frameworks",
				);
				PRODUCT_BUNDLE_IDENTIFIER = com.codepath.StudyMates;
				PRODUCT_NAME = "$(TARGET_NAME)";
				SWIFT_VERSION = 4.2;
				TARGETED_DEVICE_FAMILY = "1,2";
			};
			name = Release;
		};
/* End XCBuildConfiguration section */

/* Begin XCConfigurationList section */
		CF3995F1224EDB7400BD537F /* Build configuration list for PBXProject "StudyMates" */ = {
			isa = XCConfigurationList;
			buildConfigurations = (
				CF399606224EDB7800BD537F /* Debug */,
				CF399607224EDB7800BD537F /* Release */,
			);
			defaultConfigurationIsVisible = 0;
			defaultConfigurationName = Release;
		};
		CF399608224EDB7800BD537F /* Build configuration list for PBXNativeTarget "StudyMates" */ = {
			isa = XCConfigurationList;
			buildConfigurations = (
				CF399609224EDB7800BD537F /* Debug */,
				CF39960A224EDB7800BD537F /* Release */,
			);
			defaultConfigurationIsVisible = 0;
			defaultConfigurationName = Release;
		};
/* End XCConfigurationList section */
	};
	rootObject = CF3995EE224EDB7400BD537F /* Project object */;
}
